
Microsoft Visual Studio Solution File, Format Version 12.00
# Visual Studio Version 16
VisualStudioVersion = 16.0.29009.5
MinimumVisualStudioVersion = 10.0.40219.1
Project("{FAE04EC0-301F-11D3-BF4B-00C04F79EFBC}") = "FastBitmap", "src\FastBitmap.csproj", "{3223666C-30EC-4FB5-92D5-17EC19EC6AF4}"
EndProject
Global
	GlobalSection(SolutionConfigurationPlatforms) = preSolution
		Debug|Any CPU = Debug|Any CPU
		Release|Any CPU = Release|Any CPU
	EndGlobalSection
	GlobalSection(ProjectConfigurationPlatforms) = postSolution
		{3223666C-30EC-4FB5-92D5-17EC19EC6AF4}.Debug|Any CPU.ActiveCfg = Debug|Any CPU
		{3223666C-30EC-4FB5-92D5-17EC19EC6AF4}.Debug|Any CPU.Build.0 = Debug|Any CPU
		{3223666C-30EC-4FB5-92D5-17EC19EC6AF4}.Release|Any CPU.ActiveCfg = Release|Any CPU
		{3223666C-30EC-4FB5-92D5-17EC19EC6AF4}.Release|Any CPU.Build.0 = Release|Any CPU
	EndGlobalSection
	GlobalSection(SolutionProperties) = preSolution
		HideSolutionNode = FALSE
	EndGlobalSection
	GlobalSection(ExtensibilityGlobals) = postSolution
		SolutionGuid = {9E9073DE-1824-4EC9-822A-B94F44883451}
	EndGlobalSection
EndGlobal
